
Microsoft Visual Studio Solution File, Format Version 12.00
# Visual Studio Version 16
VisualStudioVersion = 16.0.29519.87
MinimumVisualStudioVersion = 10.0.40219.1
Project("{888888A0-9F3D-457C-B088-3A5042F75D52}") = "MassMarkov", "MassMarkov\MassMarkov.pyproj", "{22230DAF-8789-40BE-A021-CE7E808DC38B}"
EndProject
Global
	GlobalSection(SolutionConfigurationPlatforms) = preSolution
		Debug|Any CPU = Debug|Any CPU
		Release|Any CPU = Release|Any CPU
	EndGlobalSection
	GlobalSection(ProjectConfigurationPlatforms) = postSolution
		{22230DAF-8789-40BE-A021-CE7E808DC38B}.Debug|Any CPU.ActiveCfg = Debug|Any CPU
		{22230DAF-8789-40BE-A021-CE7E808DC38B}.Release|Any CPU.ActiveCfg = Release|Any CPU
	EndGlobalSection
	GlobalSection(SolutionProperties) = preSolution
		HideSolutionNode = FALSE
	EndGlobalSection
	GlobalSection(ExtensibilityGlobals) = postSolution
		SolutionGuid = {F5C11861-A825-473F-88C9-99DAB092A78F}
	EndGlobalSection
EndGlobal
